
Microsoft Visual Studio Solution File, Format Version 12.00
# Visual Studio Version 16
VisualStudioVersion = 16.0.31624.102
MinimumVisualStudioVersion = 10.0.40219.1
Project("{FAE04EC0-301F-11D3-BF4B-00C04F79EFBC}") = "Final", "Final.csproj", "{7808C209-33C1-4E7D-AE96-8A467597D193}"
EndProject
Project("{FAE04EC0-301F-11D3-BF4B-00C04F79EFBC}") = "Test", "..\Test\Test.csproj", "{07AC2A88-04F7-4093-A0E2-D8B307EC318A}"
EndProject
Global
	GlobalSection(SolutionConfigurationPlatforms) = preSolution
		Debug|Any CPU = Debug|Any CPU
		Release|Any CPU = Release|Any CPU
	EndGlobalSection
	GlobalSection(ProjectConfigurationPlatforms) = postSolution
		{7808C209-33C1-4E7D-AE96-8A467597D193}.Debug|Any CPU.ActiveCfg = Debug|Any CPU
		{7808C209-33C1-4E7D-AE96-8A467597D193}.Debug|Any CPU.Build.0 = Debug|Any CPU
		{7808C209-33C1-4E7D-AE96-8A467597D193}.Release|Any CPU.ActiveCfg = Release|Any CPU
		{7808C209-33C1-4E7D-AE96-8A467597D193}.Release|Any CPU.Build.0 = Release|Any CPU
		{07AC2A88-04F7-4093-A0E2-D8B307EC318A}.Debug|Any CPU.ActiveCfg = Debug|Any CPU
		{07AC2A88-04F7-4093-A0E2-D8B307EC318A}.Debug|Any CPU.Build.0 = Debug|Any CPU
		{07AC2A88-04F7-4093-A0E2-D8B307EC318A}.Release|Any CPU.ActiveCfg = Release|Any CPU
		{07AC2A88-04F7-4093-A0E2-D8B307EC318A}.Release|Any CPU.Build.0 = Release|Any CPU
	EndGlobalSection
	GlobalSection(SolutionProperties) = preSolution
		HideSolutionNode = FALSE
	EndGlobalSection
	GlobalSection(ExtensibilityGlobals) = postSolution
		SolutionGuid = {FA909066-74A2-4B2B-BE2F-2A932F976FC1}
	EndGlobalSection
EndGlobal
